// !$*UTF8*$!
{
	archiveVersion = 1;
	classes = {
	};
	objectVersion = 56;
	objects = {

/* Begin PBXBuildFile section */
		3D0EA3B82980A28100F7A529 /* Fruits_AppApp.swift in Sources */ = {isa = PBXBuildFile; fileRef = 3D0EA3B72980A28100F7A529 /* Fruits_AppApp.swift */; };
		3D0EA3BA2980A28100F7A529 /* ContentView.swift in Sources */ = {isa = PBXBuildFile; fileRef = 3D0EA3B92980A28100F7A529 /* ContentView.swift */; };
		3D0EA3BC2980A28100F7A529 /* Assets.xcassets in Resources */ = {isa = PBXBuildFile; fileRef = 3D0EA3BB2980A28100F7A529 /* Assets.xcassets */; };
		3D0EA3BF2980A28100F7A529 /* Preview Assets.xcassets in Resources */ = {isa = PBXBuildFile; fileRef = 3D0EA3BE2980A28100F7A529 /* Preview Assets.xcassets */; };
		3D0EA3C82980C0D100F7A529 /* FruitCardView.swift in Sources */ = {isa = PBXBuildFile; fileRef = 3D0EA3C72980C0D100F7A529 /* FruitCardView.swift */; };
		3D0EA3CA2980C53600F7A529 /* StartButtonView.swift in Sources */ = {isa = PBXBuildFile; fileRef = 3D0EA3C92980C53600F7A529 /* StartButtonView.swift */; };
		3D0EA3CC29820B8B00F7A529 /* OnboardingView.swift in Sources */ = {isa = PBXBuildFile; fileRef = 3D0EA3CB29820B8B00F7A529 /* OnboardingView.swift */; };
		3D0EA3CF29820D4700F7A529 /* FruitModel.swift in Sources */ = {isa = PBXBuildFile; fileRef = 3D0EA3CE29820D4700F7A529 /* FruitModel.swift */; };
		3D0EA3D229820E2D00F7A529 /* FruitData.swift in Sources */ = {isa = PBXBuildFile; fileRef = 3D0EA3D129820E2D00F7A529 /* FruitData.swift */; };
		3D443F7A29A1A06500790C00 /* FruitDetailView.swift in Sources */ = {isa = PBXBuildFile; fileRef = 3D443F7929A1A06500790C00 /* FruitDetailView.swift */; };
		3D443F7C29A1B0A800790C00 /* FruitHeaderView.swift in Sources */ = {isa = PBXBuildFile; fileRef = 3D443F7B29A1B0A800790C00 /* FruitHeaderView.swift */; };
		3D443F7E29A1B7AD00790C00 /* SourceLinkView.swift in Sources */ = {isa = PBXBuildFile; fileRef = 3D443F7D29A1B7AD00790C00 /* SourceLinkView.swift */; };
		3D443F8029A2EA0000790C00 /* FruitsNutrientsView.swift in Sources */ = {isa = PBXBuildFile; fileRef = 3D443F7F29A2EA0000790C00 /* FruitsNutrientsView.swift */; };
		3D443F8229A2F1A300790C00 /* SettingView.swift in Sources */ = {isa = PBXBuildFile; fileRef = 3D443F8129A2F1A300790C00 /* SettingView.swift */; };
		3D443F8429A303F400790C00 /* SettingsLabelView.swift in Sources */ = {isa = PBXBuildFile; fileRef = 3D443F8329A303F400790C00 /* SettingsLabelView.swift */; };
		3D443F8629A3097400790C00 /* SettingRowView.swift in Sources */ = {isa = PBXBuildFile; fileRef = 3D443F8529A3097400790C00 /* SettingRowView.swift */; };
		3D4B6A4F2986031E0012D6BC /* FruitRowView.swift in Sources */ = {isa = PBXBuildFile; fileRef = 3D4B6A4E2986031E0012D6BC /* FruitRowView.swift */; };
/* End PBXBuildFile section */

/* Begin PBXFileReference section */
		3D0EA3B42980A28100F7A529 /* Fruits App.app */ = {isa = PBXFileReference; explicitFileType = wrapper.application; includeInIndex = 0; path = "Fruits App.app"; sourceTree = BUILT_PRODUCTS_DIR; };
		3D0EA3B72980A28100F7A529 /* Fruits_AppApp.swift */ = {isa = PBXFileReference; lastKnownFileType = sourcecode.swift; path = Fruits_AppApp.swift; sourceTree = "<group>"; };
		3D0EA3B92980A28100F7A529 /* ContentView.swift */ = {isa = PBXFileReference; lastKnownFileType = sourcecode.swift; path = ContentView.swift; sourceTree = "<group>"; };
		3D0EA3BB2980A28100F7A529 /* Assets.xcassets */ = {isa = PBXFileReference; lastKnownFileType = folder.assetcatalog; path = Assets.xcassets; sourceTree = "<group>"; };
		3D0EA3BE2980A28100F7A529 /* Preview Assets.xcassets */ = {isa = PBXFileReference; lastKnownFileType = folder.assetcatalog; path = "Preview Assets.xcassets"; sourceTree = "<group>"; };
		3D0EA3C72980C0D100F7A529 /* FruitCardView.swift */ = {isa = PBXFileReference; lastKnownFileType = sourcecode.swift; path = FruitCardView.swift; sourceTree = "<group>"; };
		3D0EA3C92980C53600F7A529 /* StartButtonView.swift */ = {isa = PBXFileReference; lastKnownFileType = sourcecode.swift; path = StartButtonView.swift; sourceTree = "<group>"; };
		3D0EA3CB29820B8B00F7A529 /* OnboardingView.swift */ = {isa = PBXFileReference; lastKnownFileType = sourcecode.swift; path = OnboardingView.swift; sourceTree = "<group>"; };
		3D0EA3CE29820D4700F7A529 /* FruitModel.swift */ = {isa = PBXFileReference; lastKnownFileType = sourcecode.swift; path = FruitModel.swift; sourceTree = "<group>"; };
		3D0EA3D129820E2D00F7A529 /* FruitData.swift */ = {isa = PBXFileReference; lastKnownFileType = sourcecode.swift; path = FruitData.swift; sourceTree = "<group>"; };
		3D443F7929A1A06500790C00 /* FruitDetailView.swift */ = {isa = PBXFileReference; lastKnownFileType = sourcecode.swift; name = FruitDetailView.swift; path = "Fruits App/View/FruitDetailView.swift"; sourceTree = SOURCE_ROOT; };
		3D443F7B29A1B0A800790C00 /* FruitHeaderView.swift */ = {isa = PBXFileReference; lastKnownFileType = sourcecode.swift; path = FruitHeaderView.swift; sourceTree = "<group>"; };
		3D443F7D29A1B7AD00790C00 /* SourceLinkView.swift */ = {isa = PBXFileReference; lastKnownFileType = sourcecode.swift; path = SourceLinkView.swift; sourceTree = "<group>"; };
		3D443F7F29A2EA0000790C00 /* FruitsNutrientsView.swift */ = {isa = PBXFileReference; lastKnownFileType = sourcecode.swift; path = FruitsNutrientsView.swift; sourceTree = "<group>"; };
		3D443F8129A2F1A300790C00 /* SettingView.swift */ = {isa = PBXFileReference; lastKnownFileType = sourcecode.swift; path = SettingView.swift; sourceTree = "<group>"; };
		3D443F8329A303F400790C00 /* SettingsLabelView.swift */ = {isa = PBXFileReference; lastKnownFileType = sourcecode.swift; path = SettingsLabelView.swift; sourceTree = "<group>"; };
		3D443F8529A3097400790C00 /* SettingRowView.swift */ = {isa = PBXFileReference; lastKnownFileType = sourcecode.swift; path = SettingRowView.swift; sourceTree = "<group>"; };
		3D4B6A4E2986031E0012D6BC /* FruitRowView.swift */ = {isa = PBXFileReference; lastKnownFileType = sourcecode.swift; path = FruitRowView.swift; sourceTree = "<group>"; };
/* End PBXFileReference section */

/* Begin PBXFrameworksBuildPhase section */
		3D0EA3B12980A28100F7A529 /* Frameworks */ = {
			isa = PBXFrameworksBuildPhase;
			buildActionMask = 2147483647;
			files = (
			);
			runOnlyForDeploymentPostprocessing = 0;
		};
/* End PBXFrameworksBuildPhase section */

/* Begin PBXGroup section */
		3D0EA3AB2980A28100F7A529 = {
			isa = PBXGroup;
			children = (
				3D0EA3B62980A28100F7A529 /* Fruits App */,
				3D0EA3B52980A28100F7A529 /* Products */,
			);
			sourceTree = "<group>";
		};
		3D0EA3B52980A28100F7A529 /* Products */ = {
			isa = PBXGroup;
			children = (
				3D0EA3B42980A28100F7A529 /* Fruits App.app */,
			);
			name = Products;
			sourceTree = "<group>";
		};
		3D0EA3B62980A28100F7A529 /* Fruits App */ = {
			isa = PBXGroup;
			children = (
				3D0EA3D029820E1500F7A529 /* Data */,
				3D0EA3CD29820D2D00F7A529 /* Model */,
				3D0EA3C62980C0A700F7A529 /* View */,
				3D0EA3C52980C05E00F7A529 /* App */,
				3D0EA3BB2980A28100F7A529 /* Assets.xcassets */,
				3D0EA3BD2980A28100F7A529 /* Preview Content */,
			);
			path = "Fruits App";
			sourceTree = "<group>";
		};
		3D0EA3BD2980A28100F7A529 /* Preview Content */ = {
			isa = PBXGroup;
			children = (
				3D0EA3BE2980A28100F7A529 /* Preview Assets.xcassets */,
			);
			path = "Preview Content";
			sourceTree = "<group>";
		};
		3D0EA3C52980C05E00F7A529 /* App */ = {
			isa = PBXGroup;
			children = (
				3D443F7929A1A06500790C00 /* FruitDetailView.swift */,
				3D0EA3B72980A28100F7A529 /* Fruits_AppApp.swift */,
				3D0EA3B92980A28100F7A529 /* ContentView.swift */,
				3D0EA3CB29820B8B00F7A529 /* OnboardingView.swift */,
				3D443F8129A2F1A300790C00 /* SettingView.swift */,
			);
			path = App;
			sourceTree = "<group>";
		};
		3D0EA3C62980C0A700F7A529 /* View */ = {
			isa = PBXGroup;
			children = (
				3D0EA3C72980C0D100F7A529 /* FruitCardView.swift */,
				3D0EA3C92980C53600F7A529 /* StartButtonView.swift */,
				3D4B6A4E2986031E0012D6BC /* FruitRowView.swift */,
				3D443F7B29A1B0A800790C00 /* FruitHeaderView.swift */,
				3D443F7D29A1B7AD00790C00 /* SourceLinkView.swift */,
				3D443F7F29A2EA0000790C00 /* FruitsNutrientsView.swift */,
				3D443F8329A303F400790C00 /* SettingsLabelView.swift */,
				3D443F8529A3097400790C00 /* SettingRowView.swift */,
			);
			path = View;
			sourceTree = "<group>";
		};
		3D0EA3CD29820D2D00F7A529 /* Model */ = {
			isa = PBXGroup;
			children = (
				3D0EA3CE29820D4700F7A529 /* FruitModel.swift */,
			);
			path = Model;
			sourceTree = "<group>";
		};
		3D0EA3D029820E1500F7A529 /* Data */ = {
			isa = PBXGroup;
			children = (
				3D0EA3D129820E2D00F7A529 /* FruitData.swift */,
			);
			path = Data;
			sourceTree = "<group>";
		};
/* End PBXGroup section */

/* Begin PBXNativeTarget section */
		3D0EA3B32980A28100F7A529 /* Fruits App */ = {
			isa = PBXNativeTarget;
			buildConfigurationList = 3D0EA3C22980A28100F7A529 /* Build configuration list for PBXNativeTarget "Fruits App" */;
			buildPhases = (
				3D0EA3B02980A28100F7A529 /* Sources */,
				3D0EA3B12980A28100F7A529 /* Frameworks */,
				3D0EA3B22980A28100F7A529 /* Resources */,
			);
			buildRules = (
			);
			dependencies = (
			);
			name = "Fruits App";
			productName = "Fruits App";
			productReference = 3D0EA3B42980A28100F7A529 /* Fruits App.app */;
			productType = "com.apple.product-type.application";
		};
/* End PBXNativeTarget section */

/* Begin PBXProject section */
		3D0EA3AC2980A28100F7A529 /* Project object */ = {
			isa = PBXProject;
			attributes = {
				BuildIndependentTargetsInParallel = 1;
				LastSwiftUpdateCheck = 1420;
				LastUpgradeCheck = 1420;
				TargetAttributes = {
					3D0EA3B32980A28100F7A529 = {
						CreatedOnToolsVersion = 14.2;
					};
				};
			};
			buildConfigurationList = 3D0EA3AF2980A28100F7A529 /* Build configuration list for PBXProject "Fruits App" */;
			compatibilityVersion = "Xcode 14.0";
			developmentRegion = en;
			hasScannedForEncodings = 0;
			knownRegions = (
				en,
				Base,
			);
			mainGroup = 3D0EA3AB2980A28100F7A529;
			productRefGroup = 3D0EA3B52980A28100F7A529 /* Products */;
			projectDirPath = "";
			projectRoot = "";
			targets = (
				3D0EA3B32980A28100F7A529 /* Fruits App */,
			);
		};
/* End PBXProject section */

/* Begin PBXResourcesBuildPhase section */
		3D0EA3B22980A28100F7A529 /* Resources */ = {
			isa = PBXResourcesBuildPhase;
			buildActionMask = 2147483647;
			files = (
				3D0EA3BF2980A28100F7A529 /* Preview Assets.xcassets in Resources */,
				3D0EA3BC2980A28100F7A529 /* Assets.xcassets in Resources */,
			);
			runOnlyForDeploymentPostprocessing = 0;
		};
/* End PBXResourcesBuildPhase section */

/* Begin PBXSourcesBuildPhase section */
		3D0EA3B02980A28100F7A529 /* Sources */ = {
			isa = PBXSourcesBuildPhase;
			buildActionMask = 2147483647;
			files = (
				3D0EA3D229820E2D00F7A529 /* FruitData.swift in Sources */,
				3D443F7E29A1B7AD00790C00 /* SourceLinkView.swift in Sources */,
				3D0EA3C82980C0D100F7A529 /* FruitCardView.swift in Sources */,
				3D4B6A4F2986031E0012D6BC /* FruitRowView.swift in Sources */,
				3D0EA3CA2980C53600F7A529 /* StartButtonView.swift in Sources */,
				3D443F7A29A1A06500790C00 /* FruitDetailView.swift in Sources */,
				3D0EA3BA2980A28100F7A529 /* ContentView.swift in Sources */,
				3D443F7C29A1B0A800790C00 /* FruitHeaderView.swift in Sources */,
				3D443F8229A2F1A300790C00 /* SettingView.swift in Sources */,
				3D443F8029A2EA0000790C00 /* FruitsNutrientsView.swift in Sources */,
				3D443F8429A303F400790C00 /* SettingsLabelView.swift in Sources */,
				3D0EA3CC29820B8B00F7A529 /* OnboardingView.swift in Sources */,
				3D0EA3CF29820D4700F7A529 /* FruitModel.swift in Sources */,
				3D0EA3B82980A28100F7A529 /* Fruits_AppApp.swift in Sources */,
				3D443F8629A3097400790C00 /* SettingRowView.swift in Sources */,
			);
			runOnlyForDeploymentPostprocessing = 0;
		};
/* End PBXSourcesBuildPhase section */

/* Begin XCBuildConfiguration section */
		3D0EA3C02980A28100F7A529 /* Debug */ = {
			isa = XCBuildConfiguration;
			buildSettings = {
				ALWAYS_SEARCH_USER_PATHS = NO;
				CLANG_ANALYZER_NONNULL = YES;
				CLANG_ANALYZER_NUMBER_OBJECT_CONVERSION = YES_AGGRESSIVE;
				CLANG_CXX_LANGUAGE_STANDARD = "gnu++20";
				CLANG_ENABLE_MODULES = YES;
				CLANG_ENABLE_OBJC_ARC = YES;
				CLANG_ENABLE_OBJC_WEAK = YES;
				CLANG_WARN_BLOCK_CAPTURE_AUTORELEASING = YES;
				CLANG_WARN_BOOL_CONVERSION = YES;
				CLANG_WARN_COMMA = YES;
				CLANG_WARN_CONSTANT_CONVERSION = YES;
				CLANG_WARN_DEPRECATED_OBJC_IMPLEMENTATIONS = YES;
				CLANG_WARN_DIRECT_OBJC_ISA_USAGE = YES_ERROR;
				CLANG_WARN_DOCUMENTATION_COMMENTS = YES;
				CLANG_WARN_EMPTY_BODY = YES;
				CLANG_WARN_ENUM_CONVERSION = YES;
				CLANG_WARN_INFINITE_RECURSION = YES;
				CLANG_WARN_INT_CONVERSION = YES;
				CLANG_WARN_NON_LITERAL_NULL_CONVERSION = YES;
				CLANG_WARN_OBJC_IMPLICIT_RETAIN_SELF = YES;
				CLANG_WARN_OBJC_LITERAL_CONVERSION = YES;
				CLANG_WARN_OBJC_ROOT_CLASS = YES_ERROR;
				CLANG_WARN_QUOTED_INCLUDE_IN_FRAMEWORK_HEADER = YES;
				CLANG_WARN_RANGE_LOOP_ANALYSIS = YES;
				CLANG_WARN_STRICT_PROTOTYPES = YES;
				CLANG_WARN_SUSPICIOUS_MOVE = YES;
				CLANG_WARN_UNGUARDED_AVAILABILITY = YES_AGGRESSIVE;
				CLANG_WARN_UNREACHABLE_CODE = YES;
				CLANG_WARN__DUPLICATE_METHOD_MATCH = YES;
				COPY_PHASE_STRIP = NO;
				DEBUG_INFORMATION_FORMAT = dwarf;
				ENABLE_STRICT_OBJC_MSGSEND = YES;
				ENABLE_TESTABILITY = YES;
				GCC_C_LANGUAGE_STANDARD = gnu11;
				GCC_DYNAMIC_NO_PIC = NO;
				GCC_NO_COMMON_BLOCKS = YES;
				GCC_OPTIMIZATION_LEVEL = 0;
				GCC_PREPROCESSOR_DEFINITIONS = (
					"DEBUG=1",
					"$(inherited)",
				);
				GCC_WARN_64_TO_32_BIT_CONVERSION = YES;
				GCC_WARN_ABOUT_RETURN_TYPE = YES_ERROR;
				GCC_WARN_UNDECLARED_SELECTOR = YES;
				GCC_WARN_UNINITIALIZED_AUTOS = YES_AGGRESSIVE;
				GCC_WARN_UNUSED_FUNCTION = YES;
				GCC_WARN_UNUSED_VARIABLE = YES;
				IPHONEOS_DEPLOYMENT_TARGET = 16.2;
				MTL_ENABLE_DEBUG_INFO = INCLUDE_SOURCE;
				MTL_FAST_MATH = YES;
				ONLY_ACTIVE_ARCH = YES;
				SDKROOT = iphoneos;
				SWIFT_ACTIVE_COMPILATION_CONDITIONS = DEBUG;
				SWIFT_OPTIMIZATION_LEVEL = "-Onone";
			};
			name = Debug;
		};
		3D0EA3C12980A28100F7A529 /* Release */ = {
			isa = XCBuildConfiguration;
			buildSettings = {
				ALWAYS_SEARCH_USER_PATHS = NO;
				CLANG_ANALYZER_NONNULL = YES;
				CLANG_ANALYZER_NUMBER_OBJECT_CONVERSION = YES_AGGRESSIVE;
				CLANG_CXX_LANGUAGE_STANDARD = "gnu++20";
				CLANG_ENABLE_MODULES = YES;
				CLANG_ENABLE_OBJC_ARC = YES;
				CLANG_ENABLE_OBJC_WEAK = YES;
				CLANG_WARN_BLOCK_CAPTURE_AUTORELEASING = YES;
				CLANG_WARN_BOOL_CONVERSION = YES;
				CLANG_WARN_COMMA = YES;
				CLANG_WARN_CONSTANT_CONVERSION = YES;
				CLANG_WARN_DEPRECATED_OBJC_IMPLEMENTATIONS = YES;
				CLANG_WARN_DIRECT_OBJC_ISA_USAGE = YES_ERROR;
				CLANG_WARN_DOCUMENTATION_COMMENTS = YES;
				CLANG_WARN_EMPTY_BODY = YES;
				CLANG_WARN_ENUM_CONVERSION = YES;
				CLANG_WARN_INFINITE_RECURSION = YES;
				CLANG_WARN_INT_CONVERSION = YES;
				CLANG_WARN_NON_LITERAL_NULL_CONVERSION = YES;
				CLANG_WARN_OBJC_IMPLICIT_RETAIN_SELF = YES;
				CLANG_WARN_OBJC_LITERAL_CONVERSION = YES;
				CLANG_WARN_OBJC_ROOT_CLASS = YES_ERROR;
				CLANG_WARN_QUOTED_INCLUDE_IN_FRAMEWORK_HEADER = YES;
				CLANG_WARN_RANGE_LOOP_ANALYSIS = YES;
				CLANG_WARN_STRICT_PROTOTYPES = YES;
				CLANG_WARN_SUSPICIOUS_MOVE = YES;
				CLANG_WARN_UNGUARDED_AVAILABILITY = YES_AGGRESSIVE;
				CLANG_WARN_UNREACHABLE_CODE = YES;
				CLANG_WARN__DUPLICATE_METHOD_MATCH = YES;
				COPY_PHASE_STRIP = NO;
				DEBUG_INFORMATION_FORMAT = "dwarf-with-dsym";
				ENABLE_NS_ASSERTIONS = NO;
				ENABLE_STRICT_OBJC_MSGSEND = YES;
				GCC_C_LANGUAGE_STANDARD = gnu11;
				GCC_NO_COMMON_BLOCKS = YES;
				GCC_WARN_64_TO_32_BIT_CONVERSION = YES;
				GCC_WARN_ABOUT_RETURN_TYPE = YES_ERROR;
				GCC_WARN_UNDECLARED_SELECTOR = YES;
				GCC_WARN_UNINITIALIZED_AUTOS = YES_AGGRESSIVE;
				GCC_WARN_UNUSED_FUNCTION = YES;
				GCC_WARN_UNUSED_VARIABLE = YES;
				IPHONEOS_DEPLOYMENT_TARGET = 16.2;
				MTL_ENABLE_DEBUG_INFO = NO;
				MTL_FAST_MATH = YES;
				SDKROOT = iphoneos;
				SWIFT_COMPILATION_MODE = wholemodule;
				SWIFT_OPTIMIZATION_LEVEL = "-O";
				VALIDATE_PRODUCT = YES;
			};
			name = Release;
		};
		3D0EA3C32980A28100F7A529 /* Debug */ = {
			isa = XCBuildConfiguration;
			buildSettings = {
				ASSETCATALOG_COMPILER_APPICON_NAME = AppIcon;
				ASSETCATALOG_COMPILER_GLOBAL_ACCENT_COLOR_NAME = AccentColor;
				CODE_SIGN_STYLE = Automatic;
				CURRENT_PROJECT_VERSION = 1;
				DEVELOPMENT_ASSET_PATHS = "\"Fruits App/Preview Content\"";
				ENABLE_PREVIEWS = YES;
				GENERATE_INFOPLIST_FILE = YES;
				INFOPLIST_KEY_UIApplicationSceneManifest_Generation = YES;
				INFOPLIST_KEY_UIApplicationSupportsIndirectInputEvents = YES;
				INFOPLIST_KEY_UILaunchScreen_Generation = YES;
				INFOPLIST_KEY_UISupportedInterfaceOrientations = UIInterfaceOrientationPortrait;
				INFOPLIST_KEY_UISupportedInterfaceOrientations_iPad = "UIInterfaceOrientationPortrait UIInterfaceOrientationPortraitUpsideDown";
				LD_RUNPATH_SEARCH_PATHS = (
					"$(inherited)",
					"@executable_path/Frameworks",
				);
				MARKETING_VERSION = 1.0;
				PRODUCT_BUNDLE_IDENTIFIER = "com.lucasaugustocastro.Fruits-App";
				PRODUCT_NAME = "$(TARGET_NAME)";
				SWIFT_EMIT_LOC_STRINGS = YES;
				SWIFT_VERSION = 5.0;
				TARGETED_DEVICE_FAMILY = "1,2";
			};
			name = Debug;
		};
		3D0EA3C42980A28100F7A529 /* Release */ = {
			isa = XCBuildConfiguration;
			buildSettings = {
				ASSETCATALOG_COMPILER_APPICON_NAME = AppIcon;
				ASSETCATALOG_COMPILER_GLOBAL_ACCENT_COLOR_NAME = AccentColor;
				CODE_SIGN_STYLE = Automatic;
				CURRENT_PROJECT_VERSION = 1;
				DEVELOPMENT_ASSET_PATHS = "\"Fruits App/Preview Content\"";
				ENABLE_PREVIEWS = YES;
				GENERATE_INFOPLIST_FILE = YES;
				INFOPLIST_KEY_UIApplicationSceneManifest_Generation = YES;
				INFOPLIST_KEY_UIApplicationSupportsIndirectInputEvents = YES;
				INFOPLIST_KEY_UILaunchScreen_Generation = YES;
				INFOPLIST_KEY_UISupportedInterfaceOrientations = UIInterfaceOrientationPortrait;
				INFOPLIST_KEY_UISupportedInterfaceOrientations_iPad = "UIInterfaceOrientationPortrait UIInterfaceOrientationPortraitUpsideDown";
				LD_RUNPATH_SEARCH_PATHS = (
					"$(inherited)",
					"@executable_path/Frameworks",
				);
				MARKETING_VERSION = 1.0;
				PRODUCT_BUNDLE_IDENTIFIER = "com.lucasaugustocastro.Fruits-App";
				PRODUCT_NAME = "$(TARGET_NAME)";
				SWIFT_EMIT_LOC_STRINGS = YES;
				SWIFT_VERSION = 5.0;
				TARGETED_DEVICE_FAMILY = "1,2";
			};
			name = Release;
		};
/* End XCBuildConfiguration section */

/* Begin XCConfigurationList section */
		3D0EA3AF2980A28100F7A529 /* Build configuration list for PBXProject "Fruits App" */ = {
			isa = XCConfigurationList;
			buildConfigurations = (
				3D0EA3C02980A28100F7A529 /* Debug */,
				3D0EA3C12980A28100F7A529 /* Release */,
			);
			defaultConfigurationIsVisible = 0;
			defaultConfigurationName = Release;
		};
		3D0EA3C22980A28100F7A529 /* Build configuration list for PBXNativeTarget "Fruits App" */ = {
			isa = XCConfigurationList;
			buildConfigurations = (
				3D0EA3C32980A28100F7A529 /* Debug */,
				3D0EA3C42980A28100F7A529 /* Release */,
			);
			defaultConfigurationIsVisible = 0;
			defaultConfigurationName = Release;
		};
/* End XCConfigurationList section */
	};
	rootObject = 3D0EA3AC2980A28100F7A529 /* Project object */;
}
